
Microsoft Visual Studio Solution File, Format Version 12.00
# Visual Studio Version 17
VisualStudioVersion = 17.4.33103.184
MinimumVisualStudioVersion = 10.0.40219.1
Project("{FAE04EC0-301F-11D3-BF4B-00C04F79EFBC}") = "MassTransitPersistentOutbox", "MassTransitPersistentOutbox\MassTransitPersistentOutbox.csproj", "{8BAECEC0-D570-45CF-9ECB-C7D691583F93}"
EndProject
Global
	GlobalSection(SolutionConfigurationPlatforms) = preSolution
		Debug|Any CPU = Debug|Any CPU
		Release|Any CPU = Release|Any CPU
	EndGlobalSection
	GlobalSection(ProjectConfigurationPlatforms) = postSolution
		{8BAECEC0-D570-45CF-9ECB-C7D691583F93}.Debug|Any CPU.ActiveCfg = Debug|Any CPU
		{8BAECEC0-D570-45CF-9ECB-C7D691583F93}.Debug|Any CPU.Build.0 = Debug|Any CPU
		{8BAECEC0-D570-45CF-9ECB-C7D691583F93}.Release|Any CPU.ActiveCfg = Release|Any CPU
		{8BAECEC0-D570-45CF-9ECB-C7D691583F93}.Release|Any CPU.Build.0 = Release|Any CPU
	EndGlobalSection
	GlobalSection(SolutionProperties) = preSolution
		HideSolutionNode = FALSE
	EndGlobalSection
	GlobalSection(ExtensibilityGlobals) = postSolution
		SolutionGuid = {B00DD633-7973-4806-9A78-DDD69415992D}
	EndGlobalSection
EndGlobal
